
Microsoft Visual Studio Solution File, Format Version 10.00
# Visual Studio 2008
Project("{FAE04EC0-301F-11D3-BF4B-00C04F79EFBC}") = "zookeeper-sharp", "zookeeper-sharp.csproj", "{A1DB6281-12F0-45DB-84F9-C5AA72DFBFC1}"
EndProject
Project("{FAE04EC0-301F-11D3-BF4B-00C04F79EFBC}") = "tests", "tests\tests.csproj", "{2DD22E82-3247-47BF-B706-47547E0B34A4}"
EndProject
Global
	GlobalSection(SolutionConfigurationPlatforms) = preSolution
		Debug|Any CPU = Debug|Any CPU
		Release|Any CPU = Release|Any CPU
	EndGlobalSection
	GlobalSection(ProjectConfigurationPlatforms) = postSolution
		{A1DB6281-12F0-45DB-84F9-C5AA72DFBFC1}.Debug|Any CPU.ActiveCfg = Debug|Any CPU
		{A1DB6281-12F0-45DB-84F9-C5AA72DFBFC1}.Debug|Any CPU.Build.0 = Debug|Any CPU
		{A1DB6281-12F0-45DB-84F9-C5AA72DFBFC1}.Release|Any CPU.ActiveCfg = Release|Any CPU
		{A1DB6281-12F0-45DB-84F9-C5AA72DFBFC1}.Release|Any CPU.Build.0 = Release|Any CPU
		{2DD22E82-3247-47BF-B706-47547E0B34A4}.Debug|Any CPU.ActiveCfg = Debug|Any CPU
		{2DD22E82-3247-47BF-B706-47547E0B34A4}.Debug|Any CPU.Build.0 = Debug|Any CPU
		{2DD22E82-3247-47BF-B706-47547E0B34A4}.Release|Any CPU.ActiveCfg = Release|Any CPU
		{2DD22E82-3247-47BF-B706-47547E0B34A4}.Release|Any CPU.Build.0 = Release|Any CPU
	EndGlobalSection
	GlobalSection(SolutionProperties) = preSolution
		HideSolutionNode = FALSE
	EndGlobalSection
EndGlobal
